// !$*UTF8*$!
{
	archiveVersion = 1;
	classes = {
	};
	objectVersion = 56;
	objects = {

/* Begin PBXBuildFile section */
		CF1A8F4F2A53A57400BAD0A6 /* Enemy.swift in Sources */ = {isa = PBXBuildFile; fileRef = CF1A8F4E2A53A57400BAD0A6 /* Enemy.swift */; };
		CF1A8F502A53A57400BAD0A6 /* Enemy.swift in Sources */ = {isa = PBXBuildFile; fileRef = CF1A8F4E2A53A57400BAD0A6 /* Enemy.swift */; };
		CF1A8F512A53A57400BAD0A6 /* Enemy.swift in Sources */ = {isa = PBXBuildFile; fileRef = CF1A8F4E2A53A57400BAD0A6 /* Enemy.swift */; };
		CF1A8F542A53C71300BAD0A6 /* PhysicsCollisionBitMask.swift in Sources */ = {isa = PBXBuildFile; fileRef = CF1A8F532A53C71300BAD0A6 /* PhysicsCollisionBitMask.swift */; };
		CF1A8F552A53C71300BAD0A6 /* PhysicsCollisionBitMask.swift in Sources */ = {isa = PBXBuildFile; fileRef = CF1A8F532A53C71300BAD0A6 /* PhysicsCollisionBitMask.swift */; };
		CF1A8F562A53C71300BAD0A6 /* PhysicsCollisionBitMask.swift in Sources */ = {isa = PBXBuildFile; fileRef = CF1A8F532A53C71300BAD0A6 /* PhysicsCollisionBitMask.swift */; };
		CF1A8F582A53D96F00BAD0A6 /* Missile.swift in Sources */ = {isa = PBXBuildFile; fileRef = CF1A8F572A53D96F00BAD0A6 /* Missile.swift */; };
		CF1A8F592A53D96F00BAD0A6 /* Missile.swift in Sources */ = {isa = PBXBuildFile; fileRef = CF1A8F572A53D96F00BAD0A6 /* Missile.swift */; };
		CF1A8F5A2A53D96F00BAD0A6 /* Missile.swift in Sources */ = {isa = PBXBuildFile; fileRef = CF1A8F572A53D96F00BAD0A6 /* Missile.swift */; };
		CF1A8F5C2A53DA2C00BAD0A6 /* GameScoreDelegate.swift in Sources */ = {isa = PBXBuildFile; fileRef = CF1A8F5B2A53DA2C00BAD0A6 /* GameScoreDelegate.swift */; };
		CF1A8F5D2A53DA2C00BAD0A6 /* GameScoreDelegate.swift in Sources */ = {isa = PBXBuildFile; fileRef = CF1A8F5B2A53DA2C00BAD0A6 /* GameScoreDelegate.swift */; };
		CF1A8F5E2A53DA2C00BAD0A6 /* GameScoreDelegate.swift in Sources */ = {isa = PBXBuildFile; fileRef = CF1A8F5B2A53DA2C00BAD0A6 /* GameScoreDelegate.swift */; };
		CF1A8F612A53DCAB00BAD0A6 /* bird.wav in Resources */ = {isa = PBXBuildFile; fileRef = CF1A8F602A53DCAB00BAD0A6 /* bird.wav */; };
		CF1A8F622A53DCAB00BAD0A6 /* bird.wav in Resources */ = {isa = PBXBuildFile; fileRef = CF1A8F602A53DCAB00BAD0A6 /* bird.wav */; };
		CF1A8F632A53DCAB00BAD0A6 /* bird.wav in Resources */ = {isa = PBXBuildFile; fileRef = CF1A8F602A53DCAB00BAD0A6 /* bird.wav */; };
		CF1A8F652A53DCC700BAD0A6 /* explosion.wav in Resources */ = {isa = PBXBuildFile; fileRef = CF1A8F642A53DCC700BAD0A6 /* explosion.wav */; };
		CF1A8F662A53DCC700BAD0A6 /* explosion.wav in Resources */ = {isa = PBXBuildFile; fileRef = CF1A8F642A53DCC700BAD0A6 /* explosion.wav */; };
		CF1A8F672A53DCC700BAD0A6 /* explosion.wav in Resources */ = {isa = PBXBuildFile; fileRef = CF1A8F642A53DCC700BAD0A6 /* explosion.wav */; };
		CF1A8F692A53DCF100BAD0A6 /* shot.wav in Resources */ = {isa = PBXBuildFile; fileRef = CF1A8F682A53DCF100BAD0A6 /* shot.wav */; };
		CF1A8F6A2A53DCF100BAD0A6 /* shot.wav in Resources */ = {isa = PBXBuildFile; fileRef = CF1A8F682A53DCF100BAD0A6 /* shot.wav */; };
		CF1A8F6B2A53DCF100BAD0A6 /* shot.wav in Resources */ = {isa = PBXBuildFile; fileRef = CF1A8F682A53DCF100BAD0A6 /* shot.wav */; };
		CF1A8F6D2A53DD1500BAD0A6 /* wing_flap.wav in Resources */ = {isa = PBXBuildFile; fileRef = CF1A8F6C2A53DD1500BAD0A6 /* wing_flap.wav */; };
		CF1A8F6E2A53DD1500BAD0A6 /* wing_flap.wav in Resources */ = {isa = PBXBuildFile; fileRef = CF1A8F6C2A53DD1500BAD0A6 /* wing_flap.wav */; };
		CF1A8F6F2A53DD1500BAD0A6 /* wing_flap.wav in Resources */ = {isa = PBXBuildFile; fileRef = CF1A8F6C2A53DD1500BAD0A6 /* wing_flap.wav */; };
		CF77C6682A4D24D900BA03ED /* AppDelegate.swift in Sources */ = {isa = PBXBuildFile; fileRef = CF77C6672A4D24D900BA03ED /* AppDelegate.swift */; };
		CF77C66A2A4D24D900BA03ED /* GameViewController.swift in Sources */ = {isa = PBXBuildFile; fileRef = CF77C6692A4D24D900BA03ED /* GameViewController.swift */; };
		CF77C66D2A4D24D900BA03ED /* Main.storyboard in Resources */ = {isa = PBXBuildFile; fileRef = CF77C66B2A4D24D900BA03ED /* Main.storyboard */; };
		CF77C6702A4D24D900BA03ED /* LaunchScreen.storyboard in Resources */ = {isa = PBXBuildFile; fileRef = CF77C66E2A4D24D900BA03ED /* LaunchScreen.storyboard */; };
		CF77C6782A4D24D900BA03ED /* AppDelegate.swift in Sources */ = {isa = PBXBuildFile; fileRef = CF77C6772A4D24D900BA03ED /* AppDelegate.swift */; };
		CF77C67A2A4D24D900BA03ED /* GameViewController.swift in Sources */ = {isa = PBXBuildFile; fileRef = CF77C6792A4D24D900BA03ED /* GameViewController.swift */; };
		CF77C67D2A4D24D900BA03ED /* Main.storyboard in Resources */ = {isa = PBXBuildFile; fileRef = CF77C67B2A4D24D900BA03ED /* Main.storyboard */; };
		CF77C6802A4D24D900BA03ED /* LaunchScreen.storyboard in Resources */ = {isa = PBXBuildFile; fileRef = CF77C67E2A4D24D900BA03ED /* LaunchScreen.storyboard */; };
		CF77C6882A4D24D900BA03ED /* AppDelegate.swift in Sources */ = {isa = PBXBuildFile; fileRef = CF77C6872A4D24D900BA03ED /* AppDelegate.swift */; };
		CF77C68A2A4D24D900BA03ED /* GameViewController.swift in Sources */ = {isa = PBXBuildFile; fileRef = CF77C6892A4D24D900BA03ED /* GameViewController.swift */; };
		CF77C68D2A4D24D900BA03ED /* Main.storyboard in Resources */ = {isa = PBXBuildFile; fileRef = CF77C68B2A4D24D900BA03ED /* Main.storyboard */; };
		CF77C6952A4D24D900BA03ED /* GameScene.swift in Sources */ = {isa = PBXBuildFile; fileRef = CF77C65E2A4D24D800BA03ED /* GameScene.swift */; };
		CF77C6962A4D24D900BA03ED /* GameScene.swift in Sources */ = {isa = PBXBuildFile; fileRef = CF77C65E2A4D24D800BA03ED /* GameScene.swift */; };
		CF77C6972A4D24D900BA03ED /* GameScene.swift in Sources */ = {isa = PBXBuildFile; fileRef = CF77C65E2A4D24D800BA03ED /* GameScene.swift */; };
		CF77C6982A4D24D900BA03ED /* Assets.xcassets in Resources */ = {isa = PBXBuildFile; fileRef = CF77C65F2A4D24D900BA03ED /* Assets.xcassets */; };
		CF77C6992A4D24D900BA03ED /* Assets.xcassets in Resources */ = {isa = PBXBuildFile; fileRef = CF77C65F2A4D24D900BA03ED /* Assets.xcassets */; };
		CF77C69A2A4D24D900BA03ED /* Assets.xcassets in Resources */ = {isa = PBXBuildFile; fileRef = CF77C65F2A4D24D900BA03ED /* Assets.xcassets */; };
		CFB43E0B2A4DB7CD00A3F426 /* BaseScene.swift in Sources */ = {isa = PBXBuildFile; fileRef = CFB43E0A2A4DB7CD00A3F426 /* BaseScene.swift */; };
		CFB43E0C2A4DB7CD00A3F426 /* BaseScene.swift in Sources */ = {isa = PBXBuildFile; fileRef = CFB43E0A2A4DB7CD00A3F426 /* BaseScene.swift */; };
		CFB43E0D2A4DB7CD00A3F426 /* BaseScene.swift in Sources */ = {isa = PBXBuildFile; fileRef = CFB43E0A2A4DB7CD00A3F426 /* BaseScene.swift */; };
		CFB43E0F2A4DBAA700A3F426 /* MainMenuScene.swift in Sources */ = {isa = PBXBuildFile; fileRef = CFB43E0E2A4DBAA700A3F426 /* MainMenuScene.swift */; };
		CFB43E102A4DBAA700A3F426 /* MainMenuScene.swift in Sources */ = {isa = PBXBuildFile; fileRef = CFB43E0E2A4DBAA700A3F426 /* MainMenuScene.swift */; };
		CFB43E112A4DBAA700A3F426 /* MainMenuScene.swift in Sources */ = {isa = PBXBuildFile; fileRef = CFB43E0E2A4DBAA700A3F426 /* MainMenuScene.swift */; };
/* End PBXBuildFile section */

/* Begin PBXFileReference section */
		CF1A8F4E2A53A57400BAD0A6 /* Enemy.swift */ = {isa = PBXFileReference; lastKnownFileType = sourcecode.swift; path = Enemy.swift; sourceTree = "<group>"; };
		CF1A8F532A53C71300BAD0A6 /* PhysicsCollisionBitMask.swift */ = {isa = PBXFileReference; lastKnownFileType = sourcecode.swift; path = PhysicsCollisionBitMask.swift; sourceTree = "<group>"; };
		CF1A8F572A53D96F00BAD0A6 /* Missile.swift */ = {isa = PBXFileReference; lastKnownFileType = sourcecode.swift; path = Missile.swift; sourceTree = "<group>"; };
		CF1A8F5B2A53DA2C00BAD0A6 /* GameScoreDelegate.swift */ = {isa = PBXFileReference; lastKnownFileType = sourcecode.swift; path = GameScoreDelegate.swift; sourceTree = "<group>"; };
		CF1A8F602A53DCAB00BAD0A6 /* bird.wav */ = {isa = PBXFileReference; lastKnownFileType = audio.wav; path = bird.wav; sourceTree = "<group>"; };
		CF1A8F642A53DCC700BAD0A6 /* explosion.wav */ = {isa = PBXFileReference; lastKnownFileType = audio.wav; path = explosion.wav; sourceTree = "<group>"; };
		CF1A8F682A53DCF100BAD0A6 /* shot.wav */ = {isa = PBXFileReference; lastKnownFileType = audio.wav; path = shot.wav; sourceTree = "<group>"; };
		CF1A8F6C2A53DD1500BAD0A6 /* wing_flap.wav */ = {isa = PBXFileReference; lastKnownFileType = audio.wav; path = wing_flap.wav; sourceTree = "<group>"; };
		CF77C65E2A4D24D800BA03ED /* GameScene.swift */ = {isa = PBXFileReference; lastKnownFileType = sourcecode.swift; path = GameScene.swift; sourceTree = "<group>"; };
		CF77C65F2A4D24D900BA03ED /* Assets.xcassets */ = {isa = PBXFileReference; lastKnownFileType = folder.assetcatalog; path = Assets.xcassets; sourceTree = "<group>"; };
		CF77C6642A4D24D900BA03ED /* Shotty Bird.app */ = {isa = PBXFileReference; explicitFileType = wrapper.application; includeInIndex = 0; path = "Shotty Bird.app"; sourceTree = BUILT_PRODUCTS_DIR; };
		CF77C6672A4D24D900BA03ED /* AppDelegate.swift */ = {isa = PBXFileReference; lastKnownFileType = sourcecode.swift; path = AppDelegate.swift; sourceTree = "<group>"; };
		CF77C6692A4D24D900BA03ED /* GameViewController.swift */ = {isa = PBXFileReference; lastKnownFileType = sourcecode.swift; path = GameViewController.swift; sourceTree = "<group>"; };
		CF77C66C2A4D24D900BA03ED /* Base */ = {isa = PBXFileReference; lastKnownFileType = file.storyboard; name = Base; path = Base.lproj/Main.storyboard; sourceTree = "<group>"; };
		CF77C66F2A4D24D900BA03ED /* Base */ = {isa = PBXFileReference; lastKnownFileType = file.storyboard; name = Base; path = Base.lproj/LaunchScreen.storyboard; sourceTree = "<group>"; };
		CF77C6752A4D24D900BA03ED /* Shotty Bird.app */ = {isa = PBXFileReference; explicitFileType = wrapper.application; includeInIndex = 0; path = "Shotty Bird.app"; sourceTree = BUILT_PRODUCTS_DIR; };
		CF77C6772A4D24D900BA03ED /* AppDelegate.swift */ = {isa = PBXFileReference; lastKnownFileType = sourcecode.swift; path = AppDelegate.swift; sourceTree = "<group>"; };
		CF77C6792A4D24D900BA03ED /* GameViewController.swift */ = {isa = PBXFileReference; lastKnownFileType = sourcecode.swift; path = GameViewController.swift; sourceTree = "<group>"; };
		CF77C67C2A4D24D900BA03ED /* Base */ = {isa = PBXFileReference; lastKnownFileType = file.storyboard; name = Base; path = Base.lproj/Main.storyboard; sourceTree = "<group>"; };
		CF77C67F2A4D24D900BA03ED /* Base */ = {isa = PBXFileReference; lastKnownFileType = file.storyboard; name = Base; path = Base.lproj/LaunchScreen.storyboard; sourceTree = "<group>"; };
		CF77C6852A4D24D900BA03ED /* Shotty Bird.app */ = {isa = PBXFileReference; explicitFileType = wrapper.application; includeInIndex = 0; path = "Shotty Bird.app"; sourceTree = BUILT_PRODUCTS_DIR; };
		CF77C6872A4D24D900BA03ED /* AppDelegate.swift */ = {isa = PBXFileReference; lastKnownFileType = sourcecode.swift; path = AppDelegate.swift; sourceTree = "<group>"; };
		CF77C6892A4D24D900BA03ED /* GameViewController.swift */ = {isa = PBXFileReference; lastKnownFileType = sourcecode.swift; path = GameViewController.swift; sourceTree = "<group>"; };
		CF77C68C2A4D24D900BA03ED /* Base */ = {isa = PBXFileReference; lastKnownFileType = file.storyboard; name = Base; path = Base.lproj/Main.storyboard; sourceTree = "<group>"; };
		CF77C68E2A4D24D900BA03ED /* Shotty_Bird_macOS.entitlements */ = {isa = PBXFileReference; lastKnownFileType = text.plist.entitlements; path = Shotty_Bird_macOS.entitlements; sourceTree = "<group>"; };
		CFB43E0A2A4DB7CD00A3F426 /* BaseScene.swift */ = {isa = PBXFileReference; lastKnownFileType = sourcecode.swift; path = BaseScene.swift; sourceTree = "<group>"; };
		CFB43E0E2A4DBAA700A3F426 /* MainMenuScene.swift */ = {isa = PBXFileReference; lastKnownFileType = sourcecode.swift; path = MainMenuScene.swift; sourceTree = "<group>"; };
/* End PBXFileReference section */

/* Begin PBXFrameworksBuildPhase section */
		CF77C6612A4D24D900BA03ED /* Frameworks */ = {
			isa = PBXFrameworksBuildPhase;
			buildActionMask = 2147483647;
			files = (
			);
			runOnlyForDeploymentPostprocessing = 0;
		};
		CF77C6722A4D24D900BA03ED /* Frameworks */ = {
			isa = PBXFrameworksBuildPhase;
			buildActionMask = 2147483647;
			files = (
			);
			runOnlyForDeploymentPostprocessing = 0;
		};
		CF77C6822A4D24D900BA03ED /* Frameworks */ = {
			isa = PBXFrameworksBuildPhase;
			buildActionMask = 2147483647;
			files = (
			);
			runOnlyForDeploymentPostprocessing = 0;
		};
/* End PBXFrameworksBuildPhase section */

/* Begin PBXGroup section */
		CF1A8F522A53C6E100BAD0A6 /* Physics */ = {
			isa = PBXGroup;
			children = (
				CF1A8F532A53C71300BAD0A6 /* PhysicsCollisionBitMask.swift */,
			);
			path = Physics;
			sourceTree = "<group>";
		};
		CF1A8F5F2A53DC9400BAD0A6 /* Sounds */ = {
			isa = PBXGroup;
			children = (
				CF1A8F702A53DD3700BAD0A6 /* Music */,
				CF1A8F602A53DCAB00BAD0A6 /* bird.wav */,
				CF1A8F642A53DCC700BAD0A6 /* explosion.wav */,
				CF1A8F682A53DCF100BAD0A6 /* shot.wav */,
				CF1A8F6C2A53DD1500BAD0A6 /* wing_flap.wav */,
			);
			path = Sounds;
			sourceTree = "<group>";
		};
		CF1A8F702A53DD3700BAD0A6 /* Music */ = {
			isa = PBXGroup;
			children = (
			);
			path = Music;
			sourceTree = "<group>";
		};
		CF77C6562A4D24D800BA03ED = {
			isa = PBXGroup;
			children = (
				CF77C65B2A4D24D800BA03ED /* Shotty Bird Shared */,
				CF77C6662A4D24D900BA03ED /* Shotty Bird iOS */,
				CF77C6762A4D24D900BA03ED /* Shotty Bird tvOS */,
				CF77C6862A4D24D900BA03ED /* Shotty Bird macOS */,
				CF77C6652A4D24D900BA03ED /* Products */,
			);
			sourceTree = "<group>";
		};
		CF77C65B2A4D24D800BA03ED /* Shotty Bird Shared */ = {
			isa = PBXGroup;
			children = (
				CF77C6A72A4D292600BA03ED /* Nodes */,
				CFB43E092A4DB7B100A3F426 /* Scenes */,
				CF1A8F522A53C6E100BAD0A6 /* Physics */,
				CF1A8F5F2A53DC9400BAD0A6 /* Sounds */,
				CF1A8F5B2A53DA2C00BAD0A6 /* GameScoreDelegate.swift */,
				CF77C65F2A4D24D900BA03ED /* Assets.xcassets */,
			);
			path = "Shotty Bird Shared";
			sourceTree = "<group>";
		};
		CF77C6652A4D24D900BA03ED /* Products */ = {
			isa = PBXGroup;
			children = (
				CF77C6642A4D24D900BA03ED /* Shotty Bird.app */,
				CF77C6752A4D24D900BA03ED /* Shotty Bird.app */,
				CF77C6852A4D24D900BA03ED /* Shotty Bird.app */,
			);
			name = Products;
			sourceTree = "<group>";
		};
		CF77C6662A4D24D900BA03ED /* Shotty Bird iOS */ = {
			isa = PBXGroup;
			children = (
				CF77C6672A4D24D900BA03ED /* AppDelegate.swift */,
				CF77C6692A4D24D900BA03ED /* GameViewController.swift */,
				CF77C66B2A4D24D900BA03ED /* Main.storyboard */,
				CF77C66E2A4D24D900BA03ED /* LaunchScreen.storyboard */,
			);
			path = "Shotty Bird iOS";
			sourceTree = "<group>";
		};
		CF77C6762A4D24D900BA03ED /* Shotty Bird tvOS */ = {
			isa = PBXGroup;
			children = (
				CF77C6772A4D24D900BA03ED /* AppDelegate.swift */,
				CF77C6792A4D24D900BA03ED /* GameViewController.swift */,
				CF77C67B2A4D24D900BA03ED /* Main.storyboard */,
				CF77C67E2A4D24D900BA03ED /* LaunchScreen.storyboard */,
			);
			path = "Shotty Bird tvOS";
			sourceTree = "<group>";
		};
		CF77C6862A4D24D900BA03ED /* Shotty Bird macOS */ = {
			isa = PBXGroup;
			children = (
				CF77C6872A4D24D900BA03ED /* AppDelegate.swift */,
				CF77C6892A4D24D900BA03ED /* GameViewController.swift */,
				CF77C68B2A4D24D900BA03ED /* Main.storyboard */,
				CF77C68E2A4D24D900BA03ED /* Shotty_Bird_macOS.entitlements */,
			);
			path = "Shotty Bird macOS";
			sourceTree = "<group>";
		};
		CF77C6A72A4D292600BA03ED /* Nodes */ = {
			isa = PBXGroup;
			children = (
				CF1A8F4E2A53A57400BAD0A6 /* Enemy.swift */,
				CF1A8F572A53D96F00BAD0A6 /* Missile.swift */,
			);
			path = Nodes;
			sourceTree = "<group>";
		};
		CFB43E092A4DB7B100A3F426 /* Scenes */ = {
			isa = PBXGroup;
			children = (
				CFB43E0A2A4DB7CD00A3F426 /* BaseScene.swift */,
				CF77C65E2A4D24D800BA03ED /* GameScene.swift */,
				CFB43E0E2A4DBAA700A3F426 /* MainMenuScene.swift */,
			);
			path = Scenes;
			sourceTree = "<group>";
		};
/* End PBXGroup section */

/* Begin PBXNativeTarget section */
		CF77C6632A4D24D900BA03ED /* Shotty Bird iOS */ = {
			isa = PBXNativeTarget;
			buildConfigurationList = CF77C69D2A4D24D900BA03ED /* Build configuration list for PBXNativeTarget "Shotty Bird iOS" */;
			buildPhases = (
				CF77C6602A4D24D900BA03ED /* Sources */,
				CF77C6612A4D24D900BA03ED /* Frameworks */,
				CF77C6622A4D24D900BA03ED /* Resources */,
			);
			buildRules = (
			);
			dependencies = (
			);
			name = "Shotty Bird iOS";
			productName = "Shotty Bird iOS";
			productReference = CF77C6642A4D24D900BA03ED /* Shotty Bird.app */;
			productType = "com.apple.product-type.application";
		};
		CF77C6742A4D24D900BA03ED /* Shotty Bird tvOS */ = {
			isa = PBXNativeTarget;
			buildConfigurationList = CF77C6A02A4D24D900BA03ED /* Build configuration list for PBXNativeTarget "Shotty Bird tvOS" */;
			buildPhases = (
				CF77C6712A4D24D900BA03ED /* Sources */,
				CF77C6722A4D24D900BA03ED /* Frameworks */,
				CF77C6732A4D24D900BA03ED /* Resources */,
			);
			buildRules = (
			);
			dependencies = (
			);
			name = "Shotty Bird tvOS";
			productName = "Shotty Bird tvOS";
			productReference = CF77C6752A4D24D900BA03ED /* Shotty Bird.app */;
			productType = "com.apple.product-type.application";
		};
		CF77C6842A4D24D900BA03ED /* Shotty Bird macOS */ = {
			isa = PBXNativeTarget;
			buildConfigurationList = CF77C6A32A4D24D900BA03ED /* Build configuration list for PBXNativeTarget "Shotty Bird macOS" */;
			buildPhases = (
				CF77C6812A4D24D900BA03ED /* Sources */,
				CF77C6822A4D24D900BA03ED /* Frameworks */,
				CF77C6832A4D24D900BA03ED /* Resources */,
			);
			buildRules = (
			);
			dependencies = (
			);
			name = "Shotty Bird macOS";
			productName = "Shotty Bird macOS";
			productReference = CF77C6852A4D24D900BA03ED /* Shotty Bird.app */;
			productType = "com.apple.product-type.application";
		};
/* End PBXNativeTarget section */

/* Begin PBXProject section */
		CF77C6572A4D24D800BA03ED /* Project object */ = {
			isa = PBXProject;
			attributes = {
				BuildIndependentTargetsInParallel = 1;
				LastSwiftUpdateCheck = 1430;
				LastUpgradeCheck = 1430;
				ORGANIZATIONNAME = "Komodo Life";
				TargetAttributes = {
					CF77C6632A4D24D900BA03ED = {
						CreatedOnToolsVersion = 14.3.1;
					};
					CF77C6742A4D24D900BA03ED = {
						CreatedOnToolsVersion = 14.3.1;
					};
					CF77C6842A4D24D900BA03ED = {
						CreatedOnToolsVersion = 14.3.1;
					};
				};
			};
			buildConfigurationList = CF77C65A2A4D24D800BA03ED /* Build configuration list for PBXProject "Shotty Bird" */;
			compatibilityVersion = "Xcode 14.0";
			developmentRegion = en;
			hasScannedForEncodings = 0;
			knownRegions = (
				en,
				Base,
			);
			mainGroup = CF77C6562A4D24D800BA03ED;
			productRefGroup = CF77C6652A4D24D900BA03ED /* Products */;
			projectDirPath = "";
			projectRoot = "";
			targets = (
				CF77C6632A4D24D900BA03ED /* Shotty Bird iOS */,
				CF77C6742A4D24D900BA03ED /* Shotty Bird tvOS */,
				CF77C6842A4D24D900BA03ED /* Shotty Bird macOS */,
			);
		};
/* End PBXProject section */

/* Begin PBXResourcesBuildPhase section */
		CF77C6622A4D24D900BA03ED /* Resources */ = {
			isa = PBXResourcesBuildPhase;
			buildActionMask = 2147483647;
			files = (
				CF1A8F692A53DCF100BAD0A6 /* shot.wav in Resources */,
				CF1A8F6D2A53DD1500BAD0A6 /* wing_flap.wav in Resources */,
				CF1A8F652A53DCC700BAD0A6 /* explosion.wav in Resources */,
				CF77C66D2A4D24D900BA03ED /* Main.storyboard in Resources */,
				CF1A8F612A53DCAB00BAD0A6 /* bird.wav in Resources */,
				CF77C6702A4D24D900BA03ED /* LaunchScreen.storyboard in Resources */,
				CF77C6982A4D24D900BA03ED /* Assets.xcassets in Resources */,
			);
			runOnlyForDeploymentPostprocessing = 0;
		};
		CF77C6732A4D24D900BA03ED /* Resources */ = {
			isa = PBXResourcesBuildPhase;
			buildActionMask = 2147483647;
			files = (
				CF1A8F6A2A53DCF100BAD0A6 /* shot.wav in Resources */,
				CF1A8F6E2A53DD1500BAD0A6 /* wing_flap.wav in Resources */,
				CF1A8F662A53DCC700BAD0A6 /* explosion.wav in Resources */,
				CF77C67D2A4D24D900BA03ED /* Main.storyboard in Resources */,
				CF1A8F622A53DCAB00BAD0A6 /* bird.wav in Resources */,
				CF77C6802A4D24D900BA03ED /* LaunchScreen.storyboard in Resources */,
				CF77C6992A4D24D900BA03ED /* Assets.xcassets in Resources */,
			);
			runOnlyForDeploymentPostprocessing = 0;
		};
		CF77C6832A4D24D900BA03ED /* Resources */ = {
			isa = PBXResourcesBuildPhase;
			buildActionMask = 2147483647;
			files = (
				CF1A8F6F2A53DD1500BAD0A6 /* wing_flap.wav in Resources */,
				CF1A8F6B2A53DCF100BAD0A6 /* shot.wav in Resources */,
				CF1A8F632A53DCAB00BAD0A6 /* bird.wav in Resources */,
				CF77C68D2A4D24D900BA03ED /* Main.storyboard in Resources */,
				CF1A8F672A53DCC700BAD0A6 /* explosion.wav in Resources */,
				CF77C69A2A4D24D900BA03ED /* Assets.xcassets in Resources */,
			);
			runOnlyForDeploymentPostprocessing = 0;
		};
/* End PBXResourcesBuildPhase section */

/* Begin PBXSourcesBuildPhase section */
		CF77C6602A4D24D900BA03ED /* Sources */ = {
			isa = PBXSourcesBuildPhase;
			buildActionMask = 2147483647;
			files = (
				CFB43E0F2A4DBAA700A3F426 /* MainMenuScene.swift in Sources */,
				CF77C6952A4D24D900BA03ED /* GameScene.swift in Sources */,
				CF1A8F4F2A53A57400BAD0A6 /* Enemy.swift in Sources */,
				CF1A8F5C2A53DA2C00BAD0A6 /* GameScoreDelegate.swift in Sources */,
				CF77C66A2A4D24D900BA03ED /* GameViewController.swift in Sources */,
				CF1A8F542A53C71300BAD0A6 /* PhysicsCollisionBitMask.swift in Sources */,
				CF77C6682A4D24D900BA03ED /* AppDelegate.swift in Sources */,
				CF1A8F582A53D96F00BAD0A6 /* Missile.swift in Sources */,
				CFB43E0B2A4DB7CD00A3F426 /* BaseScene.swift in Sources */,
			);
			runOnlyForDeploymentPostprocessing = 0;
		};
		CF77C6712A4D24D900BA03ED /* Sources */ = {
			isa = PBXSourcesBuildPhase;
			buildActionMask = 2147483647;
			files = (
				CFB43E102A4DBAA700A3F426 /* MainMenuScene.swift in Sources */,
				CF77C6962A4D24D900BA03ED /* GameScene.swift in Sources */,
				CF1A8F502A53A57400BAD0A6 /* Enemy.swift in Sources */,
				CF1A8F5D2A53DA2C00BAD0A6 /* GameScoreDelegate.swift in Sources */,
				CF77C67A2A4D24D900BA03ED /* GameViewController.swift in Sources */,
				CF1A8F552A53C71300BAD0A6 /* PhysicsCollisionBitMask.swift in Sources */,
				CF77C6782A4D24D900BA03ED /* AppDelegate.swift in Sources */,
				CF1A8F592A53D96F00BAD0A6 /* Missile.swift in Sources */,
				CFB43E0C2A4DB7CD00A3F426 /* BaseScene.swift in Sources */,
			);
			runOnlyForDeploymentPostprocessing = 0;
		};
		CF77C6812A4D24D900BA03ED /* Sources */ = {
			isa = PBXSourcesBuildPhase;
			buildActionMask = 2147483647;
			files = (
				CFB43E112A4DBAA700A3F426 /* MainMenuScene.swift in Sources */,
				CF77C6972A4D24D900BA03ED /* GameScene.swift in Sources */,
				CF1A8F512A53A57400BAD0A6 /* Enemy.swift in Sources */,
				CF1A8F5E2A53DA2C00BAD0A6 /* GameScoreDelegate.swift in Sources */,
				CF77C68A2A4D24D900BA03ED /* GameViewController.swift in Sources */,
				CF1A8F562A53C71300BAD0A6 /* PhysicsCollisionBitMask.swift in Sources */,
				CF77C6882A4D24D900BA03ED /* AppDelegate.swift in Sources */,
				CF1A8F5A2A53D96F00BAD0A6 /* Missile.swift in Sources */,
				CFB43E0D2A4DB7CD00A3F426 /* BaseScene.swift in Sources */,
			);
			runOnlyForDeploymentPostprocessing = 0;
		};
/* End PBXSourcesBuildPhase section */

/* Begin PBXVariantGroup section */
		CF77C66B2A4D24D900BA03ED /* Main.storyboard */ = {
			isa = PBXVariantGroup;
			children = (
				CF77C66C2A4D24D900BA03ED /* Base */,
			);
			name = Main.storyboard;
			sourceTree = "<group>";
		};
		CF77C66E2A4D24D900BA03ED /* LaunchScreen.storyboard */ = {
			isa = PBXVariantGroup;
			children = (
				CF77C66F2A4D24D900BA03ED /* Base */,
			);
			name = LaunchScreen.storyboard;
			sourceTree = "<group>";
		};
		CF77C67B2A4D24D900BA03ED /* Main.storyboard */ = {
			isa = PBXVariantGroup;
			children = (
				CF77C67C2A4D24D900BA03ED /* Base */,
			);
			name = Main.storyboard;
			sourceTree = "<group>";
		};
		CF77C67E2A4D24D900BA03ED /* LaunchScreen.storyboard */ = {
			isa = PBXVariantGroup;
			children = (
				CF77C67F2A4D24D900BA03ED /* Base */,
			);
			name = LaunchScreen.storyboard;
			sourceTree = "<group>";
		};
		CF77C68B2A4D24D900BA03ED /* Main.storyboard */ = {
			isa = PBXVariantGroup;
			children = (
				CF77C68C2A4D24D900BA03ED /* Base */,
			);
			name = Main.storyboard;
			sourceTree = "<group>";
		};
/* End PBXVariantGroup section */

/* Begin XCBuildConfiguration section */
		CF77C69B2A4D24D900BA03ED /* Debug */ = {
			isa = XCBuildConfiguration;
			buildSettings = {
				ALWAYS_SEARCH_USER_PATHS = NO;
				CLANG_ANALYZER_NONNULL = YES;
				CLANG_ANALYZER_NUMBER_OBJECT_CONVERSION = YES_AGGRESSIVE;
				CLANG_CXX_LANGUAGE_STANDARD = "gnu++20";
				CLANG_ENABLE_MODULES = YES;
				CLANG_ENABLE_OBJC_ARC = YES;
				CLANG_ENABLE_OBJC_WEAK = YES;
				CLANG_WARN_BLOCK_CAPTURE_AUTORELEASING = YES;
				CLANG_WARN_BOOL_CONVERSION = YES;
				CLANG_WARN_COMMA = YES;
				CLANG_WARN_CONSTANT_CONVERSION = YES;
				CLANG_WARN_DEPRECATED_OBJC_IMPLEMENTATIONS = YES;
				CLANG_WARN_DIRECT_OBJC_ISA_USAGE = YES_ERROR;
				CLANG_WARN_DOCUMENTATION_COMMENTS = YES;
				CLANG_WARN_EMPTY_BODY = YES;
				CLANG_WARN_ENUM_CONVERSION = YES;
				CLANG_WARN_INFINITE_RECURSION = YES;
				CLANG_WARN_INT_CONVERSION = YES;
				CLANG_WARN_NON_LITERAL_NULL_CONVERSION = YES;
				CLANG_WARN_OBJC_IMPLICIT_RETAIN_SELF = YES;
				CLANG_WARN_OBJC_LITERAL_CONVERSION = YES;
				CLANG_WARN_OBJC_ROOT_CLASS = YES_ERROR;
				CLANG_WARN_QUOTED_INCLUDE_IN_FRAMEWORK_HEADER = YES;
				CLANG_WARN_RANGE_LOOP_ANALYSIS = YES;
				CLANG_WARN_STRICT_PROTOTYPES = YES;
				CLANG_WARN_SUSPICIOUS_MOVE = YES;
				CLANG_WARN_UNGUARDED_AVAILABILITY = YES_AGGRESSIVE;
				CLANG_WARN_UNREACHABLE_CODE = YES;
				CLANG_WARN__DUPLICATE_METHOD_MATCH = YES;
				COPY_PHASE_STRIP = NO;
				DEBUG_INFORMATION_FORMAT = dwarf;
				ENABLE_STRICT_OBJC_MSGSEND = YES;
				ENABLE_TESTABILITY = YES;
				GCC_C_LANGUAGE_STANDARD = gnu11;
				GCC_DYNAMIC_NO_PIC = NO;
				GCC_NO_COMMON_BLOCKS = YES;
				GCC_OPTIMIZATION_LEVEL = 0;
				GCC_PREPROCESSOR_DEFINITIONS = (
					"DEBUG=1",
					"$(inherited)",
				);
				GCC_WARN_64_TO_32_BIT_CONVERSION = YES;
				GCC_WARN_ABOUT_RETURN_TYPE = YES_ERROR;
				GCC_WARN_UNDECLARED_SELECTOR = YES;
				GCC_WARN_UNINITIALIZED_AUTOS = YES_AGGRESSIVE;
				GCC_WARN_UNUSED_FUNCTION = YES;
				GCC_WARN_UNUSED_VARIABLE = YES;
				MTL_ENABLE_DEBUG_INFO = INCLUDE_SOURCE;
				MTL_FAST_MATH = YES;
				ONLY_ACTIVE_ARCH = YES;
				SWIFT_ACTIVE_COMPILATION_CONDITIONS = DEBUG;
				SWIFT_OPTIMIZATION_LEVEL = "-Onone";
			};
			name = Debug;
		};
		CF77C69C2A4D24D900BA03ED /* Release */ = {
			isa = XCBuildConfiguration;
			buildSettings = {
				ALWAYS_SEARCH_USER_PATHS = NO;
				CLANG_ANALYZER_NONNULL = YES;
				CLANG_ANALYZER_NUMBER_OBJECT_CONVERSION = YES_AGGRESSIVE;
				CLANG_CXX_LANGUAGE_STANDARD = "gnu++20";
				CLANG_ENABLE_MODULES = YES;
				CLANG_ENABLE_OBJC_ARC = YES;
				CLANG_ENABLE_OBJC_WEAK = YES;
				CLANG_WARN_BLOCK_CAPTURE_AUTORELEASING = YES;
				CLANG_WARN_BOOL_CONVERSION = YES;
				CLANG_WARN_COMMA = YES;
				CLANG_WARN_CONSTANT_CONVERSION = YES;
				CLANG_WARN_DEPRECATED_OBJC_IMPLEMENTATIONS = YES;
				CLANG_WARN_DIRECT_OBJC_ISA_USAGE = YES_ERROR;
				CLANG_WARN_DOCUMENTATION_COMMENTS = YES;
				CLANG_WARN_EMPTY_BODY = YES;
				CLANG_WARN_ENUM_CONVERSION = YES;
				CLANG_WARN_INFINITE_RECURSION = YES;
				CLANG_WARN_INT_CONVERSION = YES;
				CLANG_WARN_NON_LITERAL_NULL_CONVERSION = YES;
				CLANG_WARN_OBJC_IMPLICIT_RETAIN_SELF = YES;
				CLANG_WARN_OBJC_LITERAL_CONVERSION = YES;
				CLANG_WARN_OBJC_ROOT_CLASS = YES_ERROR;
				CLANG_WARN_QUOTED_INCLUDE_IN_FRAMEWORK_HEADER = YES;
				CLANG_WARN_RANGE_LOOP_ANALYSIS = YES;
				CLANG_WARN_STRICT_PROTOTYPES = YES;
				CLANG_WARN_SUSPICIOUS_MOVE = YES;
				CLANG_WARN_UNGUARDED_AVAILABILITY = YES_AGGRESSIVE;
				CLANG_WARN_UNREACHABLE_CODE = YES;
				CLANG_WARN__DUPLICATE_METHOD_MATCH = YES;
				COPY_PHASE_STRIP = NO;
				DEBUG_INFORMATION_FORMAT = "dwarf-with-dsym";
				ENABLE_NS_ASSERTIONS = NO;
				ENABLE_STRICT_OBJC_MSGSEND = YES;
				GCC_C_LANGUAGE_STANDARD = gnu11;
				GCC_NO_COMMON_BLOCKS = YES;
				GCC_WARN_64_TO_32_BIT_CONVERSION = YES;
				GCC_WARN_ABOUT_RETURN_TYPE = YES_ERROR;
				GCC_WARN_UNDECLARED_SELECTOR = YES;
				GCC_WARN_UNINITIALIZED_AUTOS = YES_AGGRESSIVE;
				GCC_WARN_UNUSED_FUNCTION = YES;
				GCC_WARN_UNUSED_VARIABLE = YES;
				MTL_ENABLE_DEBUG_INFO = NO;
				MTL_FAST_MATH = YES;
				SWIFT_COMPILATION_MODE = wholemodule;
				SWIFT_OPTIMIZATION_LEVEL = "-O";
			};
			name = Release;
		};
		CF77C69E2A4D24D900BA03ED /* Debug */ = {
			isa = XCBuildConfiguration;
			buildSettings = {
				ASSETCATALOG_COMPILER_APPICON_NAME = AppIcon;
				ASSETCATALOG_COMPILER_GLOBAL_ACCENT_COLOR_NAME = AccentColor;
				CODE_SIGN_STYLE = Automatic;
				CURRENT_PROJECT_VERSION = 1;
				DEVELOPMENT_TEAM = RTCYSWYBFH;
				GENERATE_INFOPLIST_FILE = YES;
				INFOPLIST_KEY_CFBundleDisplayName = "Shotty Bird";
				INFOPLIST_KEY_LSApplicationCategoryType = "public.app-category.games";
				INFOPLIST_KEY_UIApplicationSupportsIndirectInputEvents = YES;
				INFOPLIST_KEY_UILaunchStoryboardName = LaunchScreen;
				INFOPLIST_KEY_UIMainStoryboardFile = Main;
				INFOPLIST_KEY_UIRequiresFullScreen = YES;
				INFOPLIST_KEY_UIStatusBarHidden = YES;
				INFOPLIST_KEY_UISupportedInterfaceOrientations = UIInterfaceOrientationLandscapeLeft;
				IPHONEOS_DEPLOYMENT_TARGET = 16.4;
				LD_RUNPATH_SEARCH_PATHS = (
					"$(inherited)",
					"@executable_path/Frameworks",
				);
				MARKETING_VERSION = 1.5;
				PRODUCT_BUNDLE_IDENTIFIER = "co.profapps.Shotty-Bird";
				PRODUCT_NAME = "Shotty Bird";
				SDKROOT = iphoneos;
				SWIFT_EMIT_LOC_STRINGS = YES;
				SWIFT_VERSION = 5.0;
				TARGETED_DEVICE_FAMILY = "1,2";
			};
			name = Debug;
		};
		CF77C69F2A4D24D900BA03ED /* Release */ = {
			isa = XCBuildConfiguration;
			buildSettings = {
				ASSETCATALOG_COMPILER_APPICON_NAME = AppIcon;
				ASSETCATALOG_COMPILER_GLOBAL_ACCENT_COLOR_NAME = AccentColor;
				CODE_SIGN_STYLE = Automatic;
				CURRENT_PROJECT_VERSION = 1;
				DEVELOPMENT_TEAM = RTCYSWYBFH;
				GENERATE_INFOPLIST_FILE = YES;
				INFOPLIST_KEY_CFBundleDisplayName = "Shotty Bird";
				INFOPLIST_KEY_LSApplicationCategoryType = "public.app-category.games";
				INFOPLIST_KEY_UIApplicationSupportsIndirectInputEvents = YES;
				INFOPLIST_KEY_UILaunchStoryboardName = LaunchScreen;
				INFOPLIST_KEY_UIMainStoryboardFile = Main;
				INFOPLIST_KEY_UIRequiresFullScreen = YES;
				INFOPLIST_KEY_UIStatusBarHidden = YES;
				INFOPLIST_KEY_UISupportedInterfaceOrientations = UIInterfaceOrientationLandscapeLeft;
				IPHONEOS_DEPLOYMENT_TARGET = 16.4;
				LD_RUNPATH_SEARCH_PATHS = (
					"$(inherited)",
					"@executable_path/Frameworks",
				);
				MARKETING_VERSION = 1.5;
				PRODUCT_BUNDLE_IDENTIFIER = "co.profapps.Shotty-Bird";
				PRODUCT_NAME = "Shotty Bird";
				SDKROOT = iphoneos;
				SWIFT_EMIT_LOC_STRINGS = YES;
				SWIFT_VERSION = 5.0;
				TARGETED_DEVICE_FAMILY = "1,2";
				VALIDATE_PRODUCT = YES;
			};
			name = Release;
		};
		CF77C6A12A4D24D900BA03ED /* Debug */ = {
			isa = XCBuildConfiguration;
			buildSettings = {
				ASSETCATALOG_COMPILER_APPICON_NAME = "tvOS App Icon & Top Shelf Image";
				ASSETCATALOG_COMPILER_GLOBAL_ACCENT_COLOR_NAME = AccentColor;
				CODE_SIGN_STYLE = Automatic;
				CURRENT_PROJECT_VERSION = 1;
				GENERATE_INFOPLIST_FILE = YES;
				INFOPLIST_KEY_UILaunchStoryboardName = LaunchScreen;
				INFOPLIST_KEY_UIMainStoryboardFile = Main;
				INFOPLIST_KEY_UIUserInterfaceStyle = Automatic;
				LD_RUNPATH_SEARCH_PATHS = (
					"$(inherited)",
					"@executable_path/Frameworks",
				);
				MARKETING_VERSION = 1.0;
				PRODUCT_BUNDLE_IDENTIFIER = "co.profapps.Shotty-Bird";
				PRODUCT_NAME = "Shotty Bird";
				SDKROOT = appletvos;
				SWIFT_EMIT_LOC_STRINGS = YES;
				SWIFT_VERSION = 5.0;
				TARGETED_DEVICE_FAMILY = 3;
				TVOS_DEPLOYMENT_TARGET = 16.4;
			};
			name = Debug;
		};
		CF77C6A22A4D24D900BA03ED /* Release */ = {
			isa = XCBuildConfiguration;
			buildSettings = {
				ASSETCATALOG_COMPILER_APPICON_NAME = "tvOS App Icon & Top Shelf Image";
				ASSETCATALOG_COMPILER_GLOBAL_ACCENT_COLOR_NAME = AccentColor;
				CODE_SIGN_STYLE = Automatic;
				CURRENT_PROJECT_VERSION = 1;
				GENERATE_INFOPLIST_FILE = YES;
				INFOPLIST_KEY_UILaunchStoryboardName = LaunchScreen;
				INFOPLIST_KEY_UIMainStoryboardFile = Main;
				INFOPLIST_KEY_UIUserInterfaceStyle = Automatic;
				LD_RUNPATH_SEARCH_PATHS = (
					"$(inherited)",
					"@executable_path/Frameworks",
				);
				MARKETING_VERSION = 1.0;
				PRODUCT_BUNDLE_IDENTIFIER = "co.profapps.Shotty-Bird";
				PRODUCT_NAME = "Shotty Bird";
				SDKROOT = appletvos;
				SWIFT_EMIT_LOC_STRINGS = YES;
				SWIFT_VERSION = 5.0;
				TARGETED_DEVICE_FAMILY = 3;
				TVOS_DEPLOYMENT_TARGET = 16.4;
				VALIDATE_PRODUCT = YES;
			};
			name = Release;
		};
		CF77C6A42A4D24D900BA03ED /* Debug */ = {
			isa = XCBuildConfiguration;
			buildSettings = {
				ASSETCATALOG_COMPILER_APPICON_NAME = AppIcon;
				ASSETCATALOG_COMPILER_GLOBAL_ACCENT_COLOR_NAME = AccentColor;
				CODE_SIGN_ENTITLEMENTS = "Shotty Bird macOS/Shotty_Bird_macOS.entitlements";
				CODE_SIGN_STYLE = Automatic;
				COMBINE_HIDPI_IMAGES = YES;
				CURRENT_PROJECT_VERSION = 1;
				GENERATE_INFOPLIST_FILE = YES;
				INFOPLIST_KEY_NSHumanReadableCopyright = "";
				INFOPLIST_KEY_NSMainStoryboardFile = Main;
				INFOPLIST_KEY_NSPrincipalClass = NSApplication;
				LD_RUNPATH_SEARCH_PATHS = (
					"$(inherited)",
					"@executable_path/../Frameworks",
				);
				MACOSX_DEPLOYMENT_TARGET = 13.3;
				MARKETING_VERSION = 1.0;
				PRODUCT_BUNDLE_IDENTIFIER = "co.profapps.Shotty-Bird";
				PRODUCT_NAME = "Shotty Bird";
				SDKROOT = macosx;
				SWIFT_EMIT_LOC_STRINGS = YES;
				SWIFT_VERSION = 5.0;
			};
			name = Debug;
		};
		CF77C6A52A4D24D900BA03ED /* Release */ = {
			isa = XCBuildConfiguration;
			buildSettings = {
				ASSETCATALOG_COMPILER_APPICON_NAME = AppIcon;
				ASSETCATALOG_COMPILER_GLOBAL_ACCENT_COLOR_NAME = AccentColor;
				CODE_SIGN_ENTITLEMENTS = "Shotty Bird macOS/Shotty_Bird_macOS.entitlements";
				CODE_SIGN_STYLE = Automatic;
				COMBINE_HIDPI_IMAGES = YES;
				CURRENT_PROJECT_VERSION = 1;
				GENERATE_INFOPLIST_FILE = YES;
				INFOPLIST_KEY_NSHumanReadableCopyright = "";
				INFOPLIST_KEY_NSMainStoryboardFile = Main;
				INFOPLIST_KEY_NSPrincipalClass = NSApplication;
				LD_RUNPATH_SEARCH_PATHS = (
					"$(inherited)",
					"@executable_path/../Frameworks",
				);
				MACOSX_DEPLOYMENT_TARGET = 13.3;
				MARKETING_VERSION = 1.0;
				PRODUCT_BUNDLE_IDENTIFIER = "co.profapps.Shotty-Bird";
				PRODUCT_NAME = "Shotty Bird";
				SDKROOT = macosx;
				SWIFT_EMIT_LOC_STRINGS = YES;
				SWIFT_VERSION = 5.0;
			};
			name = Release;
		};
/* End XCBuildConfiguration section */

/* Begin XCConfigurationList section */
		CF77C65A2A4D24D800BA03ED /* Build configuration list for PBXProject "Shotty Bird" */ = {
			isa = XCConfigurationList;
			buildConfigurations = (
				CF77C69B2A4D24D900BA03ED /* Debug */,
				CF77C69C2A4D24D900BA03ED /* Release */,
			);
			defaultConfigurationIsVisible = 0;
			defaultConfigurationName = Release;
		};
		CF77C69D2A4D24D900BA03ED /* Build configuration list for PBXNativeTarget "Shotty Bird iOS" */ = {
			isa = XCConfigurationList;
			buildConfigurations = (
				CF77C69E2A4D24D900BA03ED /* Debug */,
				CF77C69F2A4D24D900BA03ED /* Release */,
			);
			defaultConfigurationIsVisible = 0;
			defaultConfigurationName = Release;
		};
		CF77C6A02A4D24D900BA03ED /* Build configuration list for PBXNativeTarget "Shotty Bird tvOS" */ = {
			isa = XCConfigurationList;
			buildConfigurations = (
				CF77C6A12A4D24D900BA03ED /* Debug */,
				CF77C6A22A4D24D900BA03ED /* Release */,
			);
			defaultConfigurationIsVisible = 0;
			defaultConfigurationName = Release;
		};
		CF77C6A32A4D24D900BA03ED /* Build configuration list for PBXNativeTarget "Shotty Bird macOS" */ = {
			isa = XCConfigurationList;
			buildConfigurations = (
				CF77C6A42A4D24D900BA03ED /* Debug */,
				CF77C6A52A4D24D900BA03ED /* Release */,
			);
			defaultConfigurationIsVisible = 0;
			defaultConfigurationName = Release;
		};
/* End XCConfigurationList section */
	};
	rootObject = CF77C6572A4D24D800BA03ED /* Project object */;
}
